
Microsoft Visual Studio Solution File, Format Version 12.00
# Visual Studio Version 17
VisualStudioVersion = 17.9.34723.18
MinimumVisualStudioVersion = 10.0.40219.1
Project("{FAE04EC0-301F-11D3-BF4B-00C04F79EFBC}") = "Dz4", "Dz4.csproj", "{51E4482B-A786-493E-A7FE-E1915F8C482A}"
EndProject
Global
	GlobalSection(SolutionConfigurationPlatforms) = preSolution
		Debug|Any CPU = Debug|Any CPU
		Release|Any CPU = Release|Any CPU
	EndGlobalSection
	GlobalSection(ProjectConfigurationPlatforms) = postSolution
		{51E4482B-A786-493E-A7FE-E1915F8C482A}.Debug|Any CPU.ActiveCfg = Debug|Any CPU
		{51E4482B-A786-493E-A7FE-E1915F8C482A}.Debug|Any CPU.Build.0 = Debug|Any CPU
		{51E4482B-A786-493E-A7FE-E1915F8C482A}.Release|Any CPU.ActiveCfg = Release|Any CPU
		{51E4482B-A786-493E-A7FE-E1915F8C482A}.Release|Any CPU.Build.0 = Release|Any CPU
	EndGlobalSection
	GlobalSection(SolutionProperties) = preSolution
		HideSolutionNode = FALSE
	EndGlobalSection
	GlobalSection(ExtensibilityGlobals) = postSolution
		SolutionGuid = {05CCD65E-16BE-428B-A079-DDBD8C7850E8}
	EndGlobalSection
EndGlobal
