
Microsoft Visual Studio Solution File, Format Version 12.00
# Visual Studio Version 17
VisualStudioVersion = 17.9.34723.18
MinimumVisualStudioVersion = 10.0.40219.1
Project("{FAE04EC0-301F-11D3-BF4B-00C04F79EFBC}") = "hOME6(4)", "hOME6(4).csproj", "{54667F82-DDA5-4309-81A0-3B9FDF19FC91}"
EndProject
Global
	GlobalSection(SolutionConfigurationPlatforms) = preSolution
		Debug|Any CPU = Debug|Any CPU
		Release|Any CPU = Release|Any CPU
	EndGlobalSection
	GlobalSection(ProjectConfigurationPlatforms) = postSolution
		{54667F82-DDA5-4309-81A0-3B9FDF19FC91}.Debug|Any CPU.ActiveCfg = Debug|Any CPU
		{54667F82-DDA5-4309-81A0-3B9FDF19FC91}.Debug|Any CPU.Build.0 = Debug|Any CPU
		{54667F82-DDA5-4309-81A0-3B9FDF19FC91}.Release|Any CPU.ActiveCfg = Release|Any CPU
		{54667F82-DDA5-4309-81A0-3B9FDF19FC91}.Release|Any CPU.Build.0 = Release|Any CPU
	EndGlobalSection
	GlobalSection(SolutionProperties) = preSolution
		HideSolutionNode = FALSE
	EndGlobalSection
	GlobalSection(ExtensibilityGlobals) = postSolution
		SolutionGuid = {961FFD78-685E-4A51-8521-C63E9B04964B}
	EndGlobalSection
EndGlobal
