
Microsoft Visual Studio Solution File, Format Version 12.00
# Visual Studio Version 17
VisualStudioVersion = 17.9.34723.18
MinimumVisualStudioVersion = 10.0.40219.1
Project("{FAE04EC0-301F-11D3-BF4B-00C04F79EFBC}") = "HomeApp8", "HomeApp8.csproj", "{868C4570-2B64-4BE1-A202-31FA8D84AB5A}"
EndProject
Global
	GlobalSection(SolutionConfigurationPlatforms) = preSolution
		Debug|Any CPU = Debug|Any CPU
		Release|Any CPU = Release|Any CPU
	EndGlobalSection
	GlobalSection(ProjectConfigurationPlatforms) = postSolution
		{868C4570-2B64-4BE1-A202-31FA8D84AB5A}.Debug|Any CPU.ActiveCfg = Debug|Any CPU
		{868C4570-2B64-4BE1-A202-31FA8D84AB5A}.Debug|Any CPU.Build.0 = Debug|Any CPU
		{868C4570-2B64-4BE1-A202-31FA8D84AB5A}.Release|Any CPU.ActiveCfg = Release|Any CPU
		{868C4570-2B64-4BE1-A202-31FA8D84AB5A}.Release|Any CPU.Build.0 = Release|Any CPU
	EndGlobalSection
	GlobalSection(SolutionProperties) = preSolution
		HideSolutionNode = FALSE
	EndGlobalSection
	GlobalSection(ExtensibilityGlobals) = postSolution
		SolutionGuid = {75D4414F-3E33-4F5B-AC44-23CBB7EF3F34}
	EndGlobalSection
EndGlobal
