
Microsoft Visual Studio Solution File, Format Version 12.00
# Visual Studio Version 17
VisualStudioVersion = 17.9.34723.18
MinimumVisualStudioVersion = 10.0.40219.1
Project("{FAE04EC0-301F-11D3-BF4B-00C04F79EFBC}") = "HOME6", "HOME6.csproj", "{98B84497-F8D5-4C45-8CD8-1A9283C279D0}"
EndProject
Global
	GlobalSection(SolutionConfigurationPlatforms) = preSolution
		Debug|Any CPU = Debug|Any CPU
		Release|Any CPU = Release|Any CPU
	EndGlobalSection
	GlobalSection(ProjectConfigurationPlatforms) = postSolution
		{98B84497-F8D5-4C45-8CD8-1A9283C279D0}.Debug|Any CPU.ActiveCfg = Debug|Any CPU
		{98B84497-F8D5-4C45-8CD8-1A9283C279D0}.Debug|Any CPU.Build.0 = Debug|Any CPU
		{98B84497-F8D5-4C45-8CD8-1A9283C279D0}.Release|Any CPU.ActiveCfg = Release|Any CPU
		{98B84497-F8D5-4C45-8CD8-1A9283C279D0}.Release|Any CPU.Build.0 = Release|Any CPU
	EndGlobalSection
	GlobalSection(SolutionProperties) = preSolution
		HideSolutionNode = FALSE
	EndGlobalSection
	GlobalSection(ExtensibilityGlobals) = postSolution
		SolutionGuid = {EE597C49-118F-449F-A4CC-A51954F7A53F}
	EndGlobalSection
EndGlobal
